# THIS IS AN AUTOGENERATED FILE. DO NOT EDIT THIS FILE DIRECTLY.
# yarn lockfile v1


"@types/node@^16.11.6":
  "integrity" "sha512-ua7PgUoeQFjmWPcoo9khiPum3Pd60k4/2ZGXt18sm2Slk0W0xZTqt5Y0Ny1NyBiN1EVQ/+FaF9NcY4Qe6rwk5w=="
  "resolved" "https://registry.npmjs.org/@types/node/-/node-16.11.6.tgz"
  "version" "16.11.6"

"@webantic/nginx-config-parser@^1.3.0":
  "integrity" "sha512-vnDTu8W3hpCChzz+XywzMU/U6mEQxyJX2T3R12YJbYfs9zovZwvhnd8wKPuGaVA/1jn2CxfIJzGJt/0fjy1VQg=="
  "resolved" "https://registry.npmjs.org/@webantic/nginx-config-parser/-/nginx-config-parser-1.3.0.tgz"
  "version" "1.3.0"
  dependencies:
    "glob" "^7.1.3"

"balanced-match@^1.0.0":
  "integrity" "sha512-3oSeUO0TMV67hN1AmbXsK4yaqU7tjiHlbxRDZOpH0KW9+CeX4bRAaX0Anxt0tx2MrpRpWwQaPwIlISEJhYU5Pw=="
  "resolved" "https://registry.npmjs.org/balanced-match/-/balanced-match-1.0.2.tgz"
  "version" "1.0.2"

"brace-expansion@^1.1.7":
  "integrity" "sha512-iCuPHDFgrHX7H2vEI/5xpz07zSHB00TpugqhmYtVmMO6518mCuRMoOYFldEBl0g187ufozdaHgWKcYFb61qGiA=="
  "resolved" "https://registry.npmjs.org/brace-expansion/-/brace-expansion-1.1.11.tgz"
  "version" "1.1.11"
  dependencies:
    "balanced-match" "^1.0.0"
    "concat-map" "0.0.1"

"concat-map@0.0.1":
  "integrity" "sha1-2Klr13/Wjfd5OnMDajug1UBdR3s="
  "resolved" "https://registry.npmjs.org/concat-map/-/concat-map-0.0.1.tgz"
  "version" "0.0.1"

"config-ini-parser@^1.5.9":
  "integrity" "sha512-FLAMUunXCqbpEbv/q0v76lLewmZ03LUM4xslsPpZ2IN7/sQUaKfXNoTl8EjOTjlkHgrNzmJ//Y5crgabbIWjfQ=="
  "resolved" "https://registry.npmjs.org/config-ini-parser/-/config-ini-parser-1.5.9.tgz"
  "version" "1.5.9"

"fs.realpath@^1.0.0":
  "integrity" "sha1-FQStJSMVjKpA20onh8sBQRmU6k8="
  "resolved" "https://registry.npmjs.org/fs.realpath/-/fs.realpath-1.0.0.tgz"
  "version" "1.0.0"

"glob@^7.1.3":
  "integrity" "sha512-lmLf6gtyrPq8tTjSmrO94wBeQbFR3HbLHbuyD69wuyQkImp2hWqMGB47OX65FBkPffO641IP9jWa1z4ivqG26Q=="
  "resolved" "https://registry.npmjs.org/glob/-/glob-7.2.0.tgz"
  "version" "7.2.0"
  dependencies:
    "fs.realpath" "^1.0.0"
    "inflight" "^1.0.4"
    "inherits" "2"
    "minimatch" "^3.0.4"
    "once" "^1.3.0"
    "path-is-absolute" "^1.0.0"

"inflight@^1.0.4":
  "integrity" "sha1-Sb1jMdfQLQwJvJEKEHW6gWW1bfk="
  "resolved" "https://registry.npmjs.org/inflight/-/inflight-1.0.6.tgz"
  "version" "1.0.6"
  dependencies:
    "once" "^1.3.0"
    "wrappy" "1"

"inherits@2":
  "integrity" "sha512-k/vGaX4/Yla3WzyMCvTQOXYeIHvqOKtnqBduzTHpzpQZzAskKMhZ2K+EnBiSM9zGSoIFeMpXKxa4dYeZIQqewQ=="
  "resolved" "https://registry.npmjs.org/inherits/-/inherits-2.0.4.tgz"
  "version" "2.0.4"

"linebyline@^1.3.0":
  "integrity" "sha1-bvVM6rgy0j94Qe0vKW/psvba3pQ="
  "resolved" "https://registry.npmjs.org/linebyline/-/linebyline-1.3.0.tgz"
  "version" "1.3.0"

"minimatch@^3.0.4":
  "integrity" "sha512-yJHVQEhyqPLUTgt9B83PXu6W3rx4MvvHvSUvToogpwoGDOUQ+yDrR0HRot+yOCdCO7u4hX3pWft6kWBBcqh0UA=="
  "resolved" "https://registry.npmjs.org/minimatch/-/minimatch-3.0.4.tgz"
  "version" "3.0.4"
  dependencies:
    "brace-expansion" "^1.1.7"

"once@^1.3.0":
  "integrity" "sha1-WDsap3WWHUsROsF9nFC6753Xa9E="
  "resolved" "https://registry.npmjs.org/once/-/once-1.4.0.tgz"
  "version" "1.4.0"
  dependencies:
    "wrappy" "1"

"path-is-absolute@^1.0.0":
  "integrity" "sha1-F0uSaHNVNP+8es5r9TpanhtcX18="
  "resolved" "https://registry.npmjs.org/path-is-absolute/-/path-is-absolute-1.0.1.tgz"
  "version" "1.0.1"

"readline@^1.3.0":
  "integrity" "sha1-xYDXfvLPyHUrEySYBg3JeTp6wBw="
  "resolved" "https://registry.npmjs.org/readline/-/readline-1.3.0.tgz"
  "version" "1.3.0"

"ssh-config@^4.1.1":
  "integrity" "sha512-p9t6ZX2yg3vzrUh81arLOOh73arUdm8aZ8YG1Rxve0T+1PVv6v7DhXQ/uPQ0lJaubEvGXJz7eGj7Z850443Ohg=="
  "resolved" "https://registry.npmjs.org/ssh-config/-/ssh-config-4.1.1.tgz"
  "version" "4.1.1"

"wrappy@1":
  "integrity" "sha1-tSQ9jz7BqjXxNkYFvA0QNuMKtp8="
  "resolved" "https://registry.npmjs.org/wrappy/-/wrappy-1.0.2.tgz"
  "version" "1.0.2"
